{
  "name": "template",
  "version": "1.0.0",
  "lockfileVersion": 3,
  "requires": true,
  "packages": {
    "": {
      "name": "template",
      "version": "1.0.0",
      "license": "ISC",
      "dependencies": {
        "rabbit_css": "^1.0.0"
      }
    },
    "node_modules/rabbit_css": {
      "version": "1.0.0",
      "resolved": "https://registry.npmjs.org/rabbit_css/-/rabbit_css-1.0.0.tgz",
      "integrity": "sha512-4YGwbl3tn5os6bmIQH2myCzzyJfVHgaWjsm23PUWPns7/2XOacOcVdK+3t1u+juOlDGqzVHUj1jcXR8hjzifkQ=="
    }
  }
}
